
Microsoft Visual Studio Solution File, Format Version 12.00
# Visual Studio Version 17
VisualStudioVersion = 17.11.35219.272
MinimumVisualStudioVersion = 10.0.40219.1
Project("{FAE04EC0-301F-11D3-BF4B-00C04F79EFBC}") = "HotelDatabaseOpgave6", "HotelDatabaseOpgave6\HotelDatabaseOpgave6.csproj", "{09C0C1E0-0D2D-4EAB-96AF-7F7EF6860910}"
EndProject
Global
	GlobalSection(SolutionConfigurationPlatforms) = preSolution
		Debug|Any CPU = Debug|Any CPU
		Release|Any CPU = Release|Any CPU
	EndGlobalSection
	GlobalSection(ProjectConfigurationPlatforms) = postSolution
		{09C0C1E0-0D2D-4EAB-96AF-7F7EF6860910}.Debug|Any CPU.ActiveCfg = Debug|Any CPU
		{09C0C1E0-0D2D-4EAB-96AF-7F7EF6860910}.Debug|Any CPU.Build.0 = Debug|Any CPU
		{09C0C1E0-0D2D-4EAB-96AF-7F7EF6860910}.Release|Any CPU.ActiveCfg = Release|Any CPU
		{09C0C1E0-0D2D-4EAB-96AF-7F7EF6860910}.Release|Any CPU.Build.0 = Release|Any CPU
	EndGlobalSection
	GlobalSection(SolutionProperties) = preSolution
		HideSolutionNode = FALSE
	EndGlobalSection
	GlobalSection(ExtensibilityGlobals) = postSolution
		SolutionGuid = {EC86FAA7-319D-4E3D-939A-9F320898B0D3}
	EndGlobalSection
EndGlobal
